// !$*UTF8*$!
{
	archiveVersion = 1;
	classes = {
	};
	objectVersion = 55;
	objects = {

/* Begin PBXBuildFile section */
		C764E7290C2D79AE9F1FE403 /* Pods_InstagramClone.framework in Frameworks */ = {isa = PBXBuildFile; fileRef = 636F82724BC81796EBF5B283 /* Pods_InstagramClone.framework */; };
		DD11F65B291605F200FE22DF /* FeedCell.swift in Sources */ = {isa = PBXBuildFile; fileRef = DD11F65A291605F200FE22DF /* FeedCell.swift */; };
		DD76CEBF29177AAB00C5EAD0 /* SDWebImage in Frameworks */ = {isa = PBXBuildFile; productRef = DD76CEBE29177AAB00C5EAD0 /* SDWebImage */; };
		DDB566082914AEEB00BEC8B0 /* AppDelegate.swift in Sources */ = {isa = PBXBuildFile; fileRef = DDB566072914AEEB00BEC8B0 /* AppDelegate.swift */; };
		DDB5660A2914AEEB00BEC8B0 /* SceneDelegate.swift in Sources */ = {isa = PBXBuildFile; fileRef = DDB566092914AEEB00BEC8B0 /* SceneDelegate.swift */; };
		DDB5660C2914AEEB00BEC8B0 /* ViewController.swift in Sources */ = {isa = PBXBuildFile; fileRef = DDB5660B2914AEEB00BEC8B0 /* ViewController.swift */; };
		DDB5660F2914AEEB00BEC8B0 /* Main.storyboard in Resources */ = {isa = PBXBuildFile; fileRef = DDB5660D2914AEEB00BEC8B0 /* Main.storyboard */; };
		DDB566112914AEEB00BEC8B0 /* Assets.xcassets in Resources */ = {isa = PBXBuildFile; fileRef = DDB566102914AEEB00BEC8B0 /* Assets.xcassets */; };
		DDB566142914AEEB00BEC8B0 /* LaunchScreen.storyboard in Resources */ = {isa = PBXBuildFile; fileRef = DDB566122914AEEB00BEC8B0 /* LaunchScreen.storyboard */; };
		DDB5661C2914AF2400BEC8B0 /* GoogleService-Info.plist in Resources */ = {isa = PBXBuildFile; fileRef = DDB5661B2914AF2400BEC8B0 /* GoogleService-Info.plist */; };
		DDC489D62914C00D00CECCC9 /* FeedViewController.swift in Sources */ = {isa = PBXBuildFile; fileRef = DDC489D52914C00D00CECCC9 /* FeedViewController.swift */; };
		DDC489D82914C01E00CECCC9 /* UploadViewController.swift in Sources */ = {isa = PBXBuildFile; fileRef = DDC489D72914C01E00CECCC9 /* UploadViewController.swift */; };
		DDC489DA2914C02900CECCC9 /* SettingsViewController.swift in Sources */ = {isa = PBXBuildFile; fileRef = DDC489D92914C02900CECCC9 /* SettingsViewController.swift */; };
/* End PBXBuildFile section */

/* Begin PBXFileReference section */
		636F82724BC81796EBF5B283 /* Pods_InstagramClone.framework */ = {isa = PBXFileReference; explicitFileType = wrapper.framework; includeInIndex = 0; path = Pods_InstagramClone.framework; sourceTree = BUILT_PRODUCTS_DIR; };
		C7DDABCCDDB9816244631638 /* Pods-InstagramClone.release.xcconfig */ = {isa = PBXFileReference; includeInIndex = 1; lastKnownFileType = text.xcconfig; name = "Pods-InstagramClone.release.xcconfig"; path = "Target Support Files/Pods-InstagramClone/Pods-InstagramClone.release.xcconfig"; sourceTree = "<group>"; };
		DD11F65A291605F200FE22DF /* FeedCell.swift */ = {isa = PBXFileReference; lastKnownFileType = sourcecode.swift; path = FeedCell.swift; sourceTree = "<group>"; };
		DDB566042914AEEB00BEC8B0 /* InstagramClone.app */ = {isa = PBXFileReference; explicitFileType = wrapper.application; includeInIndex = 0; path = InstagramClone.app; sourceTree = BUILT_PRODUCTS_DIR; };
		DDB566072914AEEB00BEC8B0 /* AppDelegate.swift */ = {isa = PBXFileReference; lastKnownFileType = sourcecode.swift; path = AppDelegate.swift; sourceTree = "<group>"; };
		DDB566092914AEEB00BEC8B0 /* SceneDelegate.swift */ = {isa = PBXFileReference; lastKnownFileType = sourcecode.swift; path = SceneDelegate.swift; sourceTree = "<group>"; };
		DDB5660B2914AEEB00BEC8B0 /* ViewController.swift */ = {isa = PBXFileReference; lastKnownFileType = sourcecode.swift; path = ViewController.swift; sourceTree = "<group>"; };
		DDB5660E2914AEEB00BEC8B0 /* Base */ = {isa = PBXFileReference; lastKnownFileType = file.storyboard; name = Base; path = Base.lproj/Main.storyboard; sourceTree = "<group>"; };
		DDB566102914AEEB00BEC8B0 /* Assets.xcassets */ = {isa = PBXFileReference; lastKnownFileType = folder.assetcatalog; path = Assets.xcassets; sourceTree = "<group>"; };
		DDB566132914AEEB00BEC8B0 /* Base */ = {isa = PBXFileReference; lastKnownFileType = file.storyboard; name = Base; path = Base.lproj/LaunchScreen.storyboard; sourceTree = "<group>"; };
		DDB566152914AEEB00BEC8B0 /* Info.plist */ = {isa = PBXFileReference; lastKnownFileType = text.plist.xml; path = Info.plist; sourceTree = "<group>"; };
		DDB5661B2914AF2400BEC8B0 /* GoogleService-Info.plist */ = {isa = PBXFileReference; fileEncoding = 4; lastKnownFileType = text.plist.xml; path = "GoogleService-Info.plist"; sourceTree = "<group>"; };
		DDC489D52914C00D00CECCC9 /* FeedViewController.swift */ = {isa = PBXFileReference; lastKnownFileType = sourcecode.swift; path = FeedViewController.swift; sourceTree = "<group>"; };
		DDC489D72914C01E00CECCC9 /* UploadViewController.swift */ = {isa = PBXFileReference; lastKnownFileType = sourcecode.swift; path = UploadViewController.swift; sourceTree = "<group>"; };
		DDC489D92914C02900CECCC9 /* SettingsViewController.swift */ = {isa = PBXFileReference; lastKnownFileType = sourcecode.swift; path = SettingsViewController.swift; sourceTree = "<group>"; };
		E180ADB445B7D1AE85BB33AA /* Pods-InstagramClone.debug.xcconfig */ = {isa = PBXFileReference; includeInIndex = 1; lastKnownFileType = text.xcconfig; name = "Pods-InstagramClone.debug.xcconfig"; path = "Target Support Files/Pods-InstagramClone/Pods-InstagramClone.debug.xcconfig"; sourceTree = "<group>"; };
/* End PBXFileReference section */

/* Begin PBXFrameworksBuildPhase section */
		DDB566012914AEEB00BEC8B0 /* Frameworks */ = {
			isa = PBXFrameworksBuildPhase;
			buildActionMask = 2147483647;
			files = (
				DD76CEBF29177AAB00C5EAD0 /* SDWebImage in Frameworks */,
				C764E7290C2D79AE9F1FE403 /* Pods_InstagramClone.framework in Frameworks */,
			);
			runOnlyForDeploymentPostprocessing = 0;
		};
/* End PBXFrameworksBuildPhase section */

/* Begin PBXGroup section */
		4962D7B12D071871DB375D5A /* Frameworks */ = {
			isa = PBXGroup;
			children = (
				636F82724BC81796EBF5B283 /* Pods_InstagramClone.framework */,
			);
			name = Frameworks;
			sourceTree = "<group>";
		};
		DDB565FB2914AEEB00BEC8B0 = {
			isa = PBXGroup;
			children = (
				DDB566062914AEEB00BEC8B0 /* InstagramClone */,
				DDB566052914AEEB00BEC8B0 /* Products */,
				E030763CA09ED9EEC70D352A /* Pods */,
				4962D7B12D071871DB375D5A /* Frameworks */,
			);
			sourceTree = "<group>";
		};
		DDB566052914AEEB00BEC8B0 /* Products */ = {
			isa = PBXGroup;
			children = (
				DDB566042914AEEB00BEC8B0 /* InstagramClone.app */,
			);
			name = Products;
			sourceTree = "<group>";
		};
		DDB566062914AEEB00BEC8B0 /* InstagramClone */ = {
			isa = PBXGroup;
			children = (
				DDB566072914AEEB00BEC8B0 /* AppDelegate.swift */,
				DDB566092914AEEB00BEC8B0 /* SceneDelegate.swift */,
				DDB5660B2914AEEB00BEC8B0 /* ViewController.swift */,
				DDC489D52914C00D00CECCC9 /* FeedViewController.swift */,
				DDC489D72914C01E00CECCC9 /* UploadViewController.swift */,
				DDC489D92914C02900CECCC9 /* SettingsViewController.swift */,
				DD11F65A291605F200FE22DF /* FeedCell.swift */,
				DDB5660D2914AEEB00BEC8B0 /* Main.storyboard */,
				DDB566102914AEEB00BEC8B0 /* Assets.xcassets */,
				DDB566122914AEEB00BEC8B0 /* LaunchScreen.storyboard */,
				DDB566152914AEEB00BEC8B0 /* Info.plist */,
				DDB5661B2914AF2400BEC8B0 /* GoogleService-Info.plist */,
			);
			path = InstagramClone;
			sourceTree = "<group>";
		};
		E030763CA09ED9EEC70D352A /* Pods */ = {
			isa = PBXGroup;
			children = (
				E180ADB445B7D1AE85BB33AA /* Pods-InstagramClone.debug.xcconfig */,
				C7DDABCCDDB9816244631638 /* Pods-InstagramClone.release.xcconfig */,
			);
			path = Pods;
			sourceTree = "<group>";
		};
/* End PBXGroup section */

/* Begin PBXNativeTarget section */
		DDB566032914AEEB00BEC8B0 /* InstagramClone */ = {
			isa = PBXNativeTarget;
			buildConfigurationList = DDB566182914AEEB00BEC8B0 /* Build configuration list for PBXNativeTarget "InstagramClone" */;
			buildPhases = (
				F35DA6036E3387EE7B1F591F /* [CP] Check Pods Manifest.lock */,
				DDB566002914AEEB00BEC8B0 /* Sources */,
				DDB566012914AEEB00BEC8B0 /* Frameworks */,
				DDB566022914AEEB00BEC8B0 /* Resources */,
				7978977423A6ADBF74E4E01E /* [CP] Embed Pods Frameworks */,
			);
			buildRules = (
			);
			dependencies = (
			);
			name = InstagramClone;
			packageProductDependencies = (
				DD76CEBE29177AAB00C5EAD0 /* SDWebImage */,
			);
			productName = InstagramClone;
			productReference = DDB566042914AEEB00BEC8B0 /* InstagramClone.app */;
			productType = "com.apple.product-type.application";
		};
/* End PBXNativeTarget section */

/* Begin PBXProject section */
		DDB565FC2914AEEB00BEC8B0 /* Project object */ = {
			isa = PBXProject;
			attributes = {
				BuildIndependentTargetsInParallel = 1;
				LastSwiftUpdateCheck = 1340;
				LastUpgradeCheck = 1340;
				TargetAttributes = {
					DDB566032914AEEB00BEC8B0 = {
						CreatedOnToolsVersion = 13.4.1;
					};
				};
			};
			buildConfigurationList = DDB565FF2914AEEB00BEC8B0 /* Build configuration list for PBXProject "InstagramClone" */;
			compatibilityVersion = "Xcode 13.0";
			developmentRegion = en;
			hasScannedForEncodings = 0;
			knownRegions = (
				en,
				Base,
			);
			mainGroup = DDB565FB2914AEEB00BEC8B0;
			packageReferences = (
				DD76CEBD29177AAB00C5EAD0 /* XCRemoteSwiftPackageReference "SDWebImage" */,
			);
			productRefGroup = DDB566052914AEEB00BEC8B0 /* Products */;
			projectDirPath = "";
			projectRoot = "";
			targets = (
				DDB566032914AEEB00BEC8B0 /* InstagramClone */,
			);
		};
/* End PBXProject section */

/* Begin PBXResourcesBuildPhase section */
		DDB566022914AEEB00BEC8B0 /* Resources */ = {
			isa = PBXResourcesBuildPhase;
			buildActionMask = 2147483647;
			files = (
				DDB566142914AEEB00BEC8B0 /* LaunchScreen.storyboard in Resources */,
				DDB5661C2914AF2400BEC8B0 /* GoogleService-Info.plist in Resources */,
				DDB566112914AEEB00BEC8B0 /* Assets.xcassets in Resources */,
				DDB5660F2914AEEB00BEC8B0 /* Main.storyboard in Resources */,
			);
			runOnlyForDeploymentPostprocessing = 0;
		};
/* End PBXResourcesBuildPhase section */

/* Begin PBXShellScriptBuildPhase section */
		7978977423A6ADBF74E4E01E /* [CP] Embed Pods Frameworks */ = {
			isa = PBXShellScriptBuildPhase;
			buildActionMask = 2147483647;
			files = (
			);
			inputFileListPaths = (
				"${PODS_ROOT}/Target Support Files/Pods-InstagramClone/Pods-InstagramClone-frameworks-${CONFIGURATION}-input-files.xcfilelist",
			);
			name = "[CP] Embed Pods Frameworks";
			outputFileListPaths = (
				"${PODS_ROOT}/Target Support Files/Pods-InstagramClone/Pods-InstagramClone-frameworks-${CONFIGURATION}-output-files.xcfilelist",
			);
			runOnlyForDeploymentPostprocessing = 0;
			shellPath = /bin/sh;
			shellScript = "\"${PODS_ROOT}/Target Support Files/Pods-InstagramClone/Pods-InstagramClone-frameworks.sh\"\n";
			showEnvVarsInLog = 0;
		};
		F35DA6036E3387EE7B1F591F /* [CP] Check Pods Manifest.lock */ = {
			isa = PBXShellScriptBuildPhase;
			buildActionMask = 2147483647;
			files = (
			);
			inputFileListPaths = (
			);
			inputPaths = (
				"${PODS_PODFILE_DIR_PATH}/Podfile.lock",
				"${PODS_ROOT}/Manifest.lock",
			);
			name = "[CP] Check Pods Manifest.lock";
			outputFileListPaths = (
			);
			outputPaths = (
				"$(DERIVED_FILE_DIR)/Pods-InstagramClone-checkManifestLockResult.txt",
			);
			runOnlyForDeploymentPostprocessing = 0;
			shellPath = /bin/sh;
			shellScript = "diff \"${PODS_PODFILE_DIR_PATH}/Podfile.lock\" \"${PODS_ROOT}/Manifest.lock\" > /dev/null\nif [ $? != 0 ] ; then\n    # print error to STDERR\n    echo \"error: The sandbox is not in sync with the Podfile.lock. Run 'pod install' or update your CocoaPods installation.\" >&2\n    exit 1\nfi\n# This output is used by Xcode 'outputs' to avoid re-running this script phase.\necho \"SUCCESS\" > \"${SCRIPT_OUTPUT_FILE_0}\"\n";
			showEnvVarsInLog = 0;
		};
/* End PBXShellScriptBuildPhase section */

/* Begin PBXSourcesBuildPhase section */
		DDB566002914AEEB00BEC8B0 /* Sources */ = {
			isa = PBXSourcesBuildPhase;
			buildActionMask = 2147483647;
			files = (
				DD11F65B291605F200FE22DF /* FeedCell.swift in Sources */,
				DDB5660C2914AEEB00BEC8B0 /* ViewController.swift in Sources */,
				DDC489D82914C01E00CECCC9 /* UploadViewController.swift in Sources */,
				DDB566082914AEEB00BEC8B0 /* AppDelegate.swift in Sources */,
				DDC489D62914C00D00CECCC9 /* FeedViewController.swift in Sources */,
				DDB5660A2914AEEB00BEC8B0 /* SceneDelegate.swift in Sources */,
				DDC489DA2914C02900CECCC9 /* SettingsViewController.swift in Sources */,
			);
			runOnlyForDeploymentPostprocessing = 0;
		};
/* End PBXSourcesBuildPhase section */

/* Begin PBXVariantGroup section */
		DDB5660D2914AEEB00BEC8B0 /* Main.storyboard */ = {
			isa = PBXVariantGroup;
			children = (
				DDB5660E2914AEEB00BEC8B0 /* Base */,
			);
			name = Main.storyboard;
			sourceTree = "<group>";
		};
		DDB566122914AEEB00BEC8B0 /* LaunchScreen.storyboard */ = {
			isa = PBXVariantGroup;
			children = (
				DDB566132914AEEB00BEC8B0 /* Base */,
			);
			name = LaunchScreen.storyboard;
			sourceTree = "<group>";
		};
/* End PBXVariantGroup section */

/* Begin XCBuildConfiguration section */
		DDB566162914AEEB00BEC8B0 /* Debug */ = {
			isa = XCBuildConfiguration;
			buildSettings = {
				ALWAYS_SEARCH_USER_PATHS = NO;
				CLANG_ANALYZER_NONNULL = YES;
				CLANG_ANALYZER_NUMBER_OBJECT_CONVERSION = YES_AGGRESSIVE;
				CLANG_CXX_LANGUAGE_STANDARD = "gnu++17";
				CLANG_ENABLE_MODULES = YES;
				CLANG_ENABLE_OBJC_ARC = YES;
				CLANG_ENABLE_OBJC_WEAK = YES;
				CLANG_WARN_BLOCK_CAPTURE_AUTORELEASING = YES;
				CLANG_WARN_BOOL_CONVERSION = YES;
				CLANG_WARN_COMMA = YES;
				CLANG_WARN_CONSTANT_CONVERSION = YES;
				CLANG_WARN_DEPRECATED_OBJC_IMPLEMENTATIONS = YES;
				CLANG_WARN_DIRECT_OBJC_ISA_USAGE = YES_ERROR;
				CLANG_WARN_DOCUMENTATION_COMMENTS = YES;
				CLANG_WARN_EMPTY_BODY = YES;
				CLANG_WARN_ENUM_CONVERSION = YES;
				CLANG_WARN_INFINITE_RECURSION = YES;
				CLANG_WARN_INT_CONVERSION = YES;
				CLANG_WARN_NON_LITERAL_NULL_CONVERSION = YES;
				CLANG_WARN_OBJC_IMPLICIT_RETAIN_SELF = YES;
				CLANG_WARN_OBJC_LITERAL_CONVERSION = YES;
				CLANG_WARN_OBJC_ROOT_CLASS = YES_ERROR;
				CLANG_WARN_QUOTED_INCLUDE_IN_FRAMEWORK_HEADER = YES;
				CLANG_WARN_RANGE_LOOP_ANALYSIS = YES;
				CLANG_WARN_STRICT_PROTOTYPES = YES;
				CLANG_WARN_SUSPICIOUS_MOVE = YES;
				CLANG_WARN_UNGUARDED_AVAILABILITY = YES_AGGRESSIVE;
				CLANG_WARN_UNREACHABLE_CODE = YES;
				CLANG_WARN__DUPLICATE_METHOD_MATCH = YES;
				COPY_PHASE_STRIP = NO;
				DEBUG_INFORMATION_FORMAT = dwarf;
				ENABLE_STRICT_OBJC_MSGSEND = YES;
				ENABLE_TESTABILITY = YES;
				GCC_C_LANGUAGE_STANDARD = gnu11;
				GCC_DYNAMIC_NO_PIC = NO;
				GCC_NO_COMMON_BLOCKS = YES;
				GCC_OPTIMIZATION_LEVEL = 0;
				GCC_PREPROCESSOR_DEFINITIONS = (
					"DEBUG=1",
					"$(inherited)",
				);
				GCC_WARN_64_TO_32_BIT_CONVERSION = YES;
				GCC_WARN_ABOUT_RETURN_TYPE = YES_ERROR;
				GCC_WARN_UNDECLARED_SELECTOR = YES;
				GCC_WARN_UNINITIALIZED_AUTOS = YES_AGGRESSIVE;
				GCC_WARN_UNUSED_FUNCTION = YES;
				GCC_WARN_UNUSED_VARIABLE = YES;
				IPHONEOS_DEPLOYMENT_TARGET = 15.5;
				MTL_ENABLE_DEBUG_INFO = INCLUDE_SOURCE;
				MTL_FAST_MATH = YES;
				ONLY_ACTIVE_ARCH = YES;
				SDKROOT = iphoneos;
				SWIFT_ACTIVE_COMPILATION_CONDITIONS = DEBUG;
				SWIFT_OPTIMIZATION_LEVEL = "-Onone";
			};
			name = Debug;
		};
		DDB566172914AEEB00BEC8B0 /* Release */ = {
			isa = XCBuildConfiguration;
			buildSettings = {
				ALWAYS_SEARCH_USER_PATHS = NO;
				CLANG_ANALYZER_NONNULL = YES;
				CLANG_ANALYZER_NUMBER_OBJECT_CONVERSION = YES_AGGRESSIVE;
				CLANG_CXX_LANGUAGE_STANDARD = "gnu++17";
				CLANG_ENABLE_MODULES = YES;
				CLANG_ENABLE_OBJC_ARC = YES;
				CLANG_ENABLE_OBJC_WEAK = YES;
				CLANG_WARN_BLOCK_CAPTURE_AUTORELEASING = YES;
				CLANG_WARN_BOOL_CONVERSION = YES;
				CLANG_WARN_COMMA = YES;
				CLANG_WARN_CONSTANT_CONVERSION = YES;
				CLANG_WARN_DEPRECATED_OBJC_IMPLEMENTATIONS = YES;
				CLANG_WARN_DIRECT_OBJC_ISA_USAGE = YES_ERROR;
				CLANG_WARN_DOCUMENTATION_COMMENTS = YES;
				CLANG_WARN_EMPTY_BODY = YES;
				CLANG_WARN_ENUM_CONVERSION = YES;
				CLANG_WARN_INFINITE_RECURSION = YES;
				CLANG_WARN_INT_CONVERSION = YES;
				CLANG_WARN_NON_LITERAL_NULL_CONVERSION = YES;
				CLANG_WARN_OBJC_IMPLICIT_RETAIN_SELF = YES;
				CLANG_WARN_OBJC_LITERAL_CONVERSION = YES;
				CLANG_WARN_OBJC_ROOT_CLASS = YES_ERROR;
				CLANG_WARN_QUOTED_INCLUDE_IN_FRAMEWORK_HEADER = YES;
				CLANG_WARN_RANGE_LOOP_ANALYSIS = YES;
				CLANG_WARN_STRICT_PROTOTYPES = YES;
				CLANG_WARN_SUSPICIOUS_MOVE = YES;
				CLANG_WARN_UNGUARDED_AVAILABILITY = YES_AGGRESSIVE;
				CLANG_WARN_UNREACHABLE_CODE = YES;
				CLANG_WARN__DUPLICATE_METHOD_MATCH = YES;
				COPY_PHASE_STRIP = NO;
				DEBUG_INFORMATION_FORMAT = "dwarf-with-dsym";
				ENABLE_NS_ASSERTIONS = NO;
				ENABLE_STRICT_OBJC_MSGSEND = YES;
				GCC_C_LANGUAGE_STANDARD = gnu11;
				GCC_NO_COMMON_BLOCKS = YES;
				GCC_WARN_64_TO_32_BIT_CONVERSION = YES;
				GCC_WARN_ABOUT_RETURN_TYPE = YES_ERROR;
				GCC_WARN_UNDECLARED_SELECTOR = YES;
				GCC_WARN_UNINITIALIZED_AUTOS = YES_AGGRESSIVE;
				GCC_WARN_UNUSED_FUNCTION = YES;
				GCC_WARN_UNUSED_VARIABLE = YES;
				IPHONEOS_DEPLOYMENT_TARGET = 15.5;
				MTL_ENABLE_DEBUG_INFO = NO;
				MTL_FAST_MATH = YES;
				SDKROOT = iphoneos;
				SWIFT_COMPILATION_MODE = wholemodule;
				SWIFT_OPTIMIZATION_LEVEL = "-O";
				VALIDATE_PRODUCT = YES;
			};
			name = Release;
		};
		DDB566192914AEEB00BEC8B0 /* Debug */ = {
			isa = XCBuildConfiguration;
			baseConfigurationReference = E180ADB445B7D1AE85BB33AA /* Pods-InstagramClone.debug.xcconfig */;
			buildSettings = {
				ASSETCATALOG_COMPILER_APPICON_NAME = AppIcon;
				ASSETCATALOG_COMPILER_GLOBAL_ACCENT_COLOR_NAME = AccentColor;
				CODE_SIGN_STYLE = Automatic;
				CURRENT_PROJECT_VERSION = 1;
				GENERATE_INFOPLIST_FILE = YES;
				INFOPLIST_FILE = InstagramClone/Info.plist;
				INFOPLIST_KEY_UIApplicationSupportsIndirectInputEvents = YES;
				INFOPLIST_KEY_UILaunchStoryboardName = LaunchScreen;
				INFOPLIST_KEY_UIMainStoryboardFile = Main;
				INFOPLIST_KEY_UISupportedInterfaceOrientations_iPad = "UIInterfaceOrientationPortrait UIInterfaceOrientationPortraitUpsideDown UIInterfaceOrientationLandscapeLeft UIInterfaceOrientationLandscapeRight";
				INFOPLIST_KEY_UISupportedInterfaceOrientations_iPhone = "UIInterfaceOrientationPortrait UIInterfaceOrientationLandscapeLeft UIInterfaceOrientationLandscapeRight";
				LD_RUNPATH_SEARCH_PATHS = (
					"$(inherited)",
					"@executable_path/Frameworks",
				);
				MARKETING_VERSION = 1.0;
				PRODUCT_BUNDLE_IDENTIFIER = com.berketopcu.InstagramClone;
				PRODUCT_NAME = "$(TARGET_NAME)";
				SWIFT_EMIT_LOC_STRINGS = YES;
				SWIFT_VERSION = 5.0;
				TARGETED_DEVICE_FAMILY = "1,2";
			};
			name = Debug;
		};
		DDB5661A2914AEEB00BEC8B0 /* Release */ = {
			isa = XCBuildConfiguration;
			baseConfigurationReference = C7DDABCCDDB9816244631638 /* Pods-InstagramClone.release.xcconfig */;
			buildSettings = {
				ASSETCATALOG_COMPILER_APPICON_NAME = AppIcon;
				ASSETCATALOG_COMPILER_GLOBAL_ACCENT_COLOR_NAME = AccentColor;
				CODE_SIGN_STYLE = Automatic;
				CURRENT_PROJECT_VERSION = 1;
				GENERATE_INFOPLIST_FILE = YES;
				INFOPLIST_FILE = InstagramClone/Info.plist;
				INFOPLIST_KEY_UIApplicationSupportsIndirectInputEvents = YES;
				INFOPLIST_KEY_UILaunchStoryboardName = LaunchScreen;
				INFOPLIST_KEY_UIMainStoryboardFile = Main;
				INFOPLIST_KEY_UISupportedInterfaceOrientations_iPad = "UIInterfaceOrientationPortrait UIInterfaceOrientationPortraitUpsideDown UIInterfaceOrientationLandscapeLeft UIInterfaceOrientationLandscapeRight";
				INFOPLIST_KEY_UISupportedInterfaceOrientations_iPhone = "UIInterfaceOrientationPortrait UIInterfaceOrientationLandscapeLeft UIInterfaceOrientationLandscapeRight";
				LD_RUNPATH_SEARCH_PATHS = (
					"$(inherited)",
					"@executable_path/Frameworks",
				);
				MARKETING_VERSION = 1.0;
				PRODUCT_BUNDLE_IDENTIFIER = com.berketopcu.InstagramClone;
				PRODUCT_NAME = "$(TARGET_NAME)";
				SWIFT_EMIT_LOC_STRINGS = YES;
				SWIFT_VERSION = 5.0;
				TARGETED_DEVICE_FAMILY = "1,2";
			};
			name = Release;
		};
/* End XCBuildConfiguration section */

/* Begin XCConfigurationList section */
		DDB565FF2914AEEB00BEC8B0 /* Build configuration list for PBXProject "InstagramClone" */ = {
			isa = XCConfigurationList;
			buildConfigurations = (
				DDB566162914AEEB00BEC8B0 /* Debug */,
				DDB566172914AEEB00BEC8B0 /* Release */,
			);
			defaultConfigurationIsVisible = 0;
			defaultConfigurationName = Release;
		};
		DDB566182914AEEB00BEC8B0 /* Build configuration list for PBXNativeTarget "InstagramClone" */ = {
			isa = XCConfigurationList;
			buildConfigurations = (
				DDB566192914AEEB00BEC8B0 /* Debug */,
				DDB5661A2914AEEB00BEC8B0 /* Release */,
			);
			defaultConfigurationIsVisible = 0;
			defaultConfigurationName = Release;
		};
/* End XCConfigurationList section */

/* Begin XCRemoteSwiftPackageReference section */
		DD76CEBD29177AAB00C5EAD0 /* XCRemoteSwiftPackageReference "SDWebImage" */ = {
			isa = XCRemoteSwiftPackageReference;
			repositoryURL = "https://github.com/SDWebImage/SDWebImage";
			requirement = {
				kind = upToNextMajorVersion;
				minimumVersion = 5.0.0;
			};
		};
/* End XCRemoteSwiftPackageReference section */

/* Begin XCSwiftPackageProductDependency section */
		DD76CEBE29177AAB00C5EAD0 /* SDWebImage */ = {
			isa = XCSwiftPackageProductDependency;
			package = DD76CEBD29177AAB00C5EAD0 /* XCRemoteSwiftPackageReference "SDWebImage" */;
			productName = SDWebImage;
		};
/* End XCSwiftPackageProductDependency section */
	};
	rootObject = DDB565FC2914AEEB00BEC8B0 /* Project object */;
}
